
Microsoft Visual Studio Solution File, Format Version 12.00
# Visual Studio Version 17
VisualStudioVersion = 17.4.33213.308
MinimumVisualStudioVersion = 10.0.40219.1
Project("{FAE04EC0-301F-11D3-BF4B-00C04F79EFBC}") = "prac9", "prac9\prac9.csproj", "{5D792CBA-1A8F-4543-B53C-6AF4FEB69FC2}"
EndProject
Global
	GlobalSection(SolutionConfigurationPlatforms) = preSolution
		Debug|Any CPU = Debug|Any CPU
		Release|Any CPU = Release|Any CPU
	EndGlobalSection
	GlobalSection(ProjectConfigurationPlatforms) = postSolution
		{5D792CBA-1A8F-4543-B53C-6AF4FEB69FC2}.Debug|Any CPU.ActiveCfg = Debug|Any CPU
		{5D792CBA-1A8F-4543-B53C-6AF4FEB69FC2}.Debug|Any CPU.Build.0 = Debug|Any CPU
		{5D792CBA-1A8F-4543-B53C-6AF4FEB69FC2}.Release|Any CPU.ActiveCfg = Release|Any CPU
		{5D792CBA-1A8F-4543-B53C-6AF4FEB69FC2}.Release|Any CPU.Build.0 = Release|Any CPU
	EndGlobalSection
	GlobalSection(SolutionProperties) = preSolution
		HideSolutionNode = FALSE
	EndGlobalSection
	GlobalSection(ExtensibilityGlobals) = postSolution
		SolutionGuid = {0B00DFC8-D450-4165-A336-C96711A20160}
	EndGlobalSection
EndGlobal
